// !$*UTF8*$!
{
	archiveVersion = 1;
	classes = {
	};
	objectVersion = 56;
	objects = {

/* Begin PBXBuildFile section */
		DDF6A4E12AFC9BE8008F6836 /* AppDelegate.swift in Sources */ = {isa = PBXBuildFile; fileRef = DDF6A4E02AFC9BE8008F6836 /* AppDelegate.swift */; };
		DDF6A4E32AFC9BE8008F6836 /* SceneDelegate.swift in Sources */ = {isa = PBXBuildFile; fileRef = DDF6A4E22AFC9BE8008F6836 /* SceneDelegate.swift */; };
		DDF6A4E52AFC9BE8008F6836 /* ViewController.swift in Sources */ = {isa = PBXBuildFile; fileRef = DDF6A4E42AFC9BE8008F6836 /* ViewController.swift */; };
		DDF6A4E82AFC9BE8008F6836 /* Main.storyboard in Resources */ = {isa = PBXBuildFile; fileRef = DDF6A4E62AFC9BE8008F6836 /* Main.storyboard */; };
		DDF6A4EA2AFC9BEA008F6836 /* Assets.xcassets in Resources */ = {isa = PBXBuildFile; fileRef = DDF6A4E92AFC9BEA008F6836 /* Assets.xcassets */; };
		DDF6A4ED2AFC9BEA008F6836 /* LaunchScreen.storyboard in Resources */ = {isa = PBXBuildFile; fileRef = DDF6A4EB2AFC9BEA008F6836 /* LaunchScreen.storyboard */; };
		DDF6A4F82AFC9BEB008F6836 /* Neobis_iOS_UIScreensTests.swift in Sources */ = {isa = PBXBuildFile; fileRef = DDF6A4F72AFC9BEB008F6836 /* Neobis_iOS_UIScreensTests.swift */; };
		DDF6A5022AFC9BEB008F6836 /* Neobis_iOS_UIScreensUITests.swift in Sources */ = {isa = PBXBuildFile; fileRef = DDF6A5012AFC9BEB008F6836 /* Neobis_iOS_UIScreensUITests.swift */; };
		DDF6A5042AFC9BEB008F6836 /* Neobis_iOS_UIScreensUITestsLaunchTests.swift in Sources */ = {isa = PBXBuildFile; fileRef = DDF6A5032AFC9BEB008F6836 /* Neobis_iOS_UIScreensUITestsLaunchTests.swift */; };
/* End PBXBuildFile section */

/* Begin PBXContainerItemProxy section */
		DDF6A4F42AFC9BEB008F6836 /* PBXContainerItemProxy */ = {
			isa = PBXContainerItemProxy;
			containerPortal = DDF6A4D52AFC9BE8008F6836 /* Project object */;
			proxyType = 1;
			remoteGlobalIDString = DDF6A4DC2AFC9BE8008F6836;
			remoteInfo = Neobis_iOS_UIScreens;
		};
		DDF6A4FE2AFC9BEB008F6836 /* PBXContainerItemProxy */ = {
			isa = PBXContainerItemProxy;
			containerPortal = DDF6A4D52AFC9BE8008F6836 /* Project object */;
			proxyType = 1;
			remoteGlobalIDString = DDF6A4DC2AFC9BE8008F6836;
			remoteInfo = Neobis_iOS_UIScreens;
		};
/* End PBXContainerItemProxy section */

/* Begin PBXFileReference section */
		DDF6A4DD2AFC9BE8008F6836 /* Neobis_iOS_UIScreens.app */ = {isa = PBXFileReference; explicitFileType = wrapper.application; includeInIndex = 0; path = Neobis_iOS_UIScreens.app; sourceTree = BUILT_PRODUCTS_DIR; };
		DDF6A4E02AFC9BE8008F6836 /* AppDelegate.swift */ = {isa = PBXFileReference; lastKnownFileType = sourcecode.swift; path = AppDelegate.swift; sourceTree = "<group>"; };
		DDF6A4E22AFC9BE8008F6836 /* SceneDelegate.swift */ = {isa = PBXFileReference; lastKnownFileType = sourcecode.swift; path = SceneDelegate.swift; sourceTree = "<group>"; };
		DDF6A4E42AFC9BE8008F6836 /* ViewController.swift */ = {isa = PBXFileReference; lastKnownFileType = sourcecode.swift; path = ViewController.swift; sourceTree = "<group>"; };
		DDF6A4E72AFC9BE8008F6836 /* Base */ = {isa = PBXFileReference; lastKnownFileType = file.storyboard; name = Base; path = Base.lproj/Main.storyboard; sourceTree = "<group>"; };
		DDF6A4E92AFC9BEA008F6836 /* Assets.xcassets */ = {isa = PBXFileReference; lastKnownFileType = folder.assetcatalog; path = Assets.xcassets; sourceTree = "<group>"; };
		DDF6A4EC2AFC9BEA008F6836 /* Base */ = {isa = PBXFileReference; lastKnownFileType = file.storyboard; name = Base; path = Base.lproj/LaunchScreen.storyboard; sourceTree = "<group>"; };
		DDF6A4EE2AFC9BEA008F6836 /* Info.plist */ = {isa = PBXFileReference; lastKnownFileType = text.plist.xml; path = Info.plist; sourceTree = "<group>"; };
		DDF6A4F32AFC9BEB008F6836 /* Neobis_iOS_UIScreensTests.xctest */ = {isa = PBXFileReference; explicitFileType = wrapper.cfbundle; includeInIndex = 0; path = Neobis_iOS_UIScreensTests.xctest; sourceTree = BUILT_PRODUCTS_DIR; };
		DDF6A4F72AFC9BEB008F6836 /* Neobis_iOS_UIScreensTests.swift */ = {isa = PBXFileReference; lastKnownFileType = sourcecode.swift; path = Neobis_iOS_UIScreensTests.swift; sourceTree = "<group>"; };
		DDF6A4FD2AFC9BEB008F6836 /* Neobis_iOS_UIScreensUITests.xctest */ = {isa = PBXFileReference; explicitFileType = wrapper.cfbundle; includeInIndex = 0; path = Neobis_iOS_UIScreensUITests.xctest; sourceTree = BUILT_PRODUCTS_DIR; };
		DDF6A5012AFC9BEB008F6836 /* Neobis_iOS_UIScreensUITests.swift */ = {isa = PBXFileReference; lastKnownFileType = sourcecode.swift; path = Neobis_iOS_UIScreensUITests.swift; sourceTree = "<group>"; };
		DDF6A5032AFC9BEB008F6836 /* Neobis_iOS_UIScreensUITestsLaunchTests.swift */ = {isa = PBXFileReference; lastKnownFileType = sourcecode.swift; path = Neobis_iOS_UIScreensUITestsLaunchTests.swift; sourceTree = "<group>"; };
/* End PBXFileReference section */

/* Begin PBXFrameworksBuildPhase section */
		DDF6A4DA2AFC9BE8008F6836 /* Frameworks */ = {
			isa = PBXFrameworksBuildPhase;
			buildActionMask = 2147483647;
			files = (
			);
			runOnlyForDeploymentPostprocessing = 0;
		};
		DDF6A4F02AFC9BEB008F6836 /* Frameworks */ = {
			isa = PBXFrameworksBuildPhase;
			buildActionMask = 2147483647;
			files = (
			);
			runOnlyForDeploymentPostprocessing = 0;
		};
		DDF6A4FA2AFC9BEB008F6836 /* Frameworks */ = {
			isa = PBXFrameworksBuildPhase;
			buildActionMask = 2147483647;
			files = (
			);
			runOnlyForDeploymentPostprocessing = 0;
		};
/* End PBXFrameworksBuildPhase section */

/* Begin PBXGroup section */
		DDF6A4D42AFC9BE8008F6836 = {
			isa = PBXGroup;
			children = (
				DDF6A4DF2AFC9BE8008F6836 /* Neobis_iOS_UIScreens */,
				DDF6A4F62AFC9BEB008F6836 /* Neobis_iOS_UIScreensTests */,
				DDF6A5002AFC9BEB008F6836 /* Neobis_iOS_UIScreensUITests */,
				DDF6A4DE2AFC9BE8008F6836 /* Products */,
			);
			sourceTree = "<group>";
		};
		DDF6A4DE2AFC9BE8008F6836 /* Products */ = {
			isa = PBXGroup;
			children = (
				DDF6A4DD2AFC9BE8008F6836 /* Neobis_iOS_UIScreens.app */,
				DDF6A4F32AFC9BEB008F6836 /* Neobis_iOS_UIScreensTests.xctest */,
				DDF6A4FD2AFC9BEB008F6836 /* Neobis_iOS_UIScreensUITests.xctest */,
			);
			name = Products;
			sourceTree = "<group>";
		};
		DDF6A4DF2AFC9BE8008F6836 /* Neobis_iOS_UIScreens */ = {
			isa = PBXGroup;
			children = (
				DDF6A4E02AFC9BE8008F6836 /* AppDelegate.swift */,
				DDF6A4E22AFC9BE8008F6836 /* SceneDelegate.swift */,
				DDF6A4E42AFC9BE8008F6836 /* ViewController.swift */,
				DDF6A4E62AFC9BE8008F6836 /* Main.storyboard */,
				DDF6A4E92AFC9BEA008F6836 /* Assets.xcassets */,
				DDF6A4EB2AFC9BEA008F6836 /* LaunchScreen.storyboard */,
				DDF6A4EE2AFC9BEA008F6836 /* Info.plist */,
			);
			path = Neobis_iOS_UIScreens;
			sourceTree = "<group>";
		};
		DDF6A4F62AFC9BEB008F6836 /* Neobis_iOS_UIScreensTests */ = {
			isa = PBXGroup;
			children = (
				DDF6A4F72AFC9BEB008F6836 /* Neobis_iOS_UIScreensTests.swift */,
			);
			path = Neobis_iOS_UIScreensTests;
			sourceTree = "<group>";
		};
		DDF6A5002AFC9BEB008F6836 /* Neobis_iOS_UIScreensUITests */ = {
			isa = PBXGroup;
			children = (
				DDF6A5012AFC9BEB008F6836 /* Neobis_iOS_UIScreensUITests.swift */,
				DDF6A5032AFC9BEB008F6836 /* Neobis_iOS_UIScreensUITestsLaunchTests.swift */,
			);
			path = Neobis_iOS_UIScreensUITests;
			sourceTree = "<group>";
		};
/* End PBXGroup section */

/* Begin PBXNativeTarget section */
		DDF6A4DC2AFC9BE8008F6836 /* Neobis_iOS_UIScreens */ = {
			isa = PBXNativeTarget;
			buildConfigurationList = DDF6A5072AFC9BEB008F6836 /* Build configuration list for PBXNativeTarget "Neobis_iOS_UIScreens" */;
			buildPhases = (
				DDF6A4D92AFC9BE8008F6836 /* Sources */,
				DDF6A4DA2AFC9BE8008F6836 /* Frameworks */,
				DDF6A4DB2AFC9BE8008F6836 /* Resources */,
			);
			buildRules = (
			);
			dependencies = (
			);
			name = Neobis_iOS_UIScreens;
			productName = Neobis_iOS_UIScreens;
			productReference = DDF6A4DD2AFC9BE8008F6836 /* Neobis_iOS_UIScreens.app */;
			productType = "com.apple.product-type.application";
		};
		DDF6A4F22AFC9BEB008F6836 /* Neobis_iOS_UIScreensTests */ = {
			isa = PBXNativeTarget;
			buildConfigurationList = DDF6A50A2AFC9BEB008F6836 /* Build configuration list for PBXNativeTarget "Neobis_iOS_UIScreensTests" */;
			buildPhases = (
				DDF6A4EF2AFC9BEB008F6836 /* Sources */,
				DDF6A4F02AFC9BEB008F6836 /* Frameworks */,
				DDF6A4F12AFC9BEB008F6836 /* Resources */,
			);
			buildRules = (
			);
			dependencies = (
				DDF6A4F52AFC9BEB008F6836 /* PBXTargetDependency */,
			);
			name = Neobis_iOS_UIScreensTests;
			productName = Neobis_iOS_UIScreensTests;
			productReference = DDF6A4F32AFC9BEB008F6836 /* Neobis_iOS_UIScreensTests.xctest */;
			productType = "com.apple.product-type.bundle.unit-test";
		};
		DDF6A4FC2AFC9BEB008F6836 /* Neobis_iOS_UIScreensUITests */ = {
			isa = PBXNativeTarget;
			buildConfigurationList = DDF6A50D2AFC9BEB008F6836 /* Build configuration list for PBXNativeTarget "Neobis_iOS_UIScreensUITests" */;
			buildPhases = (
				DDF6A4F92AFC9BEB008F6836 /* Sources */,
				DDF6A4FA2AFC9BEB008F6836 /* Frameworks */,
				DDF6A4FB2AFC9BEB008F6836 /* Resources */,
			);
			buildRules = (
			);
			dependencies = (
				DDF6A4FF2AFC9BEB008F6836 /* PBXTargetDependency */,
			);
			name = Neobis_iOS_UIScreensUITests;
			productName = Neobis_iOS_UIScreensUITests;
			productReference = DDF6A4FD2AFC9BEB008F6836 /* Neobis_iOS_UIScreensUITests.xctest */;
			productType = "com.apple.product-type.bundle.ui-testing";
		};
/* End PBXNativeTarget section */

/* Begin PBXProject section */
		DDF6A4D52AFC9BE8008F6836 /* Project object */ = {
			isa = PBXProject;
			attributes = {
				BuildIndependentTargetsInParallel = 1;
				LastSwiftUpdateCheck = 1500;
				LastUpgradeCheck = 1500;
				TargetAttributes = {
					DDF6A4DC2AFC9BE8008F6836 = {
						CreatedOnToolsVersion = 15.0.1;
					};
					DDF6A4F22AFC9BEB008F6836 = {
						CreatedOnToolsVersion = 15.0.1;
						TestTargetID = DDF6A4DC2AFC9BE8008F6836;
					};
					DDF6A4FC2AFC9BEB008F6836 = {
						CreatedOnToolsVersion = 15.0.1;
						TestTargetID = DDF6A4DC2AFC9BE8008F6836;
					};
				};
			};
			buildConfigurationList = DDF6A4D82AFC9BE8008F6836 /* Build configuration list for PBXProject "Neobis_iOS_UIScreens" */;
			compatibilityVersion = "Xcode 14.0";
			developmentRegion = en;
			hasScannedForEncodings = 0;
			knownRegions = (
				en,
				Base,
			);
			mainGroup = DDF6A4D42AFC9BE8008F6836;
			productRefGroup = DDF6A4DE2AFC9BE8008F6836 /* Products */;
			projectDirPath = "";
			projectRoot = "";
			targets = (
				DDF6A4DC2AFC9BE8008F6836 /* Neobis_iOS_UIScreens */,
				DDF6A4F22AFC9BEB008F6836 /* Neobis_iOS_UIScreensTests */,
				DDF6A4FC2AFC9BEB008F6836 /* Neobis_iOS_UIScreensUITests */,
			);
		};
/* End PBXProject section */

/* Begin PBXResourcesBuildPhase section */
		DDF6A4DB2AFC9BE8008F6836 /* Resources */ = {
			isa = PBXResourcesBuildPhase;
			buildActionMask = 2147483647;
			files = (
				DDF6A4ED2AFC9BEA008F6836 /* LaunchScreen.storyboard in Resources */,
				DDF6A4EA2AFC9BEA008F6836 /* Assets.xcassets in Resources */,
				DDF6A4E82AFC9BE8008F6836 /* Main.storyboard in Resources */,
			);
			runOnlyForDeploymentPostprocessing = 0;
		};
		DDF6A4F12AFC9BEB008F6836 /* Resources */ = {
			isa = PBXResourcesBuildPhase;
			buildActionMask = 2147483647;
			files = (
			);
			runOnlyForDeploymentPostprocessing = 0;
		};
		DDF6A4FB2AFC9BEB008F6836 /* Resources */ = {
			isa = PBXResourcesBuildPhase;
			buildActionMask = 2147483647;
			files = (
			);
			runOnlyForDeploymentPostprocessing = 0;
		};
/* End PBXResourcesBuildPhase section */

/* Begin PBXSourcesBuildPhase section */
		DDF6A4D92AFC9BE8008F6836 /* Sources */ = {
			isa = PBXSourcesBuildPhase;
			buildActionMask = 2147483647;
			files = (
				DDF6A4E52AFC9BE8008F6836 /* ViewController.swift in Sources */,
				DDF6A4E12AFC9BE8008F6836 /* AppDelegate.swift in Sources */,
				DDF6A4E32AFC9BE8008F6836 /* SceneDelegate.swift in Sources */,
			);
			runOnlyForDeploymentPostprocessing = 0;
		};
		DDF6A4EF2AFC9BEB008F6836 /* Sources */ = {
			isa = PBXSourcesBuildPhase;
			buildActionMask = 2147483647;
			files = (
				DDF6A4F82AFC9BEB008F6836 /* Neobis_iOS_UIScreensTests.swift in Sources */,
			);
			runOnlyForDeploymentPostprocessing = 0;
		};
		DDF6A4F92AFC9BEB008F6836 /* Sources */ = {
			isa = PBXSourcesBuildPhase;
			buildActionMask = 2147483647;
			files = (
				DDF6A5042AFC9BEB008F6836 /* Neobis_iOS_UIScreensUITestsLaunchTests.swift in Sources */,
				DDF6A5022AFC9BEB008F6836 /* Neobis_iOS_UIScreensUITests.swift in Sources */,
			);
			runOnlyForDeploymentPostprocessing = 0;
		};
/* End PBXSourcesBuildPhase section */

/* Begin PBXTargetDependency section */
		DDF6A4F52AFC9BEB008F6836 /* PBXTargetDependency */ = {
			isa = PBXTargetDependency;
			target = DDF6A4DC2AFC9BE8008F6836 /* Neobis_iOS_UIScreens */;
			targetProxy = DDF6A4F42AFC9BEB008F6836 /* PBXContainerItemProxy */;
		};
		DDF6A4FF2AFC9BEB008F6836 /* PBXTargetDependency */ = {
			isa = PBXTargetDependency;
			target = DDF6A4DC2AFC9BE8008F6836 /* Neobis_iOS_UIScreens */;
			targetProxy = DDF6A4FE2AFC9BEB008F6836 /* PBXContainerItemProxy */;
		};
/* End PBXTargetDependency section */

/* Begin PBXVariantGroup section */
		DDF6A4E62AFC9BE8008F6836 /* Main.storyboard */ = {
			isa = PBXVariantGroup;
			children = (
				DDF6A4E72AFC9BE8008F6836 /* Base */,
			);
			name = Main.storyboard;
			sourceTree = "<group>";
		};
		DDF6A4EB2AFC9BEA008F6836 /* LaunchScreen.storyboard */ = {
			isa = PBXVariantGroup;
			children = (
				DDF6A4EC2AFC9BEA008F6836 /* Base */,
			);
			name = LaunchScreen.storyboard;
			sourceTree = "<group>";
		};
/* End PBXVariantGroup section */

/* Begin XCBuildConfiguration section */
		DDF6A5052AFC9BEB008F6836 /* Debug */ = {
			isa = XCBuildConfiguration;
			buildSettings = {
				ALWAYS_SEARCH_USER_PATHS = NO;
				ASSETCATALOG_COMPILER_GENERATE_SWIFT_ASSET_SYMBOL_EXTENSIONS = YES;
				CLANG_ANALYZER_NONNULL = YES;
				CLANG_ANALYZER_NUMBER_OBJECT_CONVERSION = YES_AGGRESSIVE;
				CLANG_CXX_LANGUAGE_STANDARD = "gnu++20";
				CLANG_ENABLE_MODULES = YES;
				CLANG_ENABLE_OBJC_ARC = YES;
				CLANG_ENABLE_OBJC_WEAK = YES;
				CLANG_WARN_BLOCK_CAPTURE_AUTORELEASING = YES;
				CLANG_WARN_BOOL_CONVERSION = YES;
				CLANG_WARN_COMMA = YES;
				CLANG_WARN_CONSTANT_CONVERSION = YES;
				CLANG_WARN_DEPRECATED_OBJC_IMPLEMENTATIONS = YES;
				CLANG_WARN_DIRECT_OBJC_ISA_USAGE = YES_ERROR;
				CLANG_WARN_DOCUMENTATION_COMMENTS = YES;
				CLANG_WARN_EMPTY_BODY = YES;
				CLANG_WARN_ENUM_CONVERSION = YES;
				CLANG_WARN_INFINITE_RECURSION = YES;
				CLANG_WARN_INT_CONVERSION = YES;
				CLANG_WARN_NON_LITERAL_NULL_CONVERSION = YES;
				CLANG_WARN_OBJC_IMPLICIT_RETAIN_SELF = YES;
				CLANG_WARN_OBJC_LITERAL_CONVERSION = YES;
				CLANG_WARN_OBJC_ROOT_CLASS = YES_ERROR;
				CLANG_WARN_QUOTED_INCLUDE_IN_FRAMEWORK_HEADER = YES;
				CLANG_WARN_RANGE_LOOP_ANALYSIS = YES;
				CLANG_WARN_STRICT_PROTOTYPES = YES;
				CLANG_WARN_SUSPICIOUS_MOVE = YES;
				CLANG_WARN_UNGUARDED_AVAILABILITY = YES_AGGRESSIVE;
				CLANG_WARN_UNREACHABLE_CODE = YES;
				CLANG_WARN__DUPLICATE_METHOD_MATCH = YES;
				COPY_PHASE_STRIP = NO;
				DEBUG_INFORMATION_FORMAT = dwarf;
				ENABLE_STRICT_OBJC_MSGSEND = YES;
				ENABLE_TESTABILITY = YES;
				ENABLE_USER_SCRIPT_SANDBOXING = YES;
				GCC_C_LANGUAGE_STANDARD = gnu17;
				GCC_DYNAMIC_NO_PIC = NO;
				GCC_NO_COMMON_BLOCKS = YES;
				GCC_OPTIMIZATION_LEVEL = 0;
				GCC_PREPROCESSOR_DEFINITIONS = (
					"DEBUG=1",
					"$(inherited)",
				);
				GCC_WARN_64_TO_32_BIT_CONVERSION = YES;
				GCC_WARN_ABOUT_RETURN_TYPE = YES_ERROR;
				GCC_WARN_UNDECLARED_SELECTOR = YES;
				GCC_WARN_UNINITIALIZED_AUTOS = YES_AGGRESSIVE;
				GCC_WARN_UNUSED_FUNCTION = YES;
				GCC_WARN_UNUSED_VARIABLE = YES;
				IPHONEOS_DEPLOYMENT_TARGET = 17.0;
				LOCALIZATION_PREFERS_STRING_CATALOGS = YES;
				MTL_ENABLE_DEBUG_INFO = INCLUDE_SOURCE;
				MTL_FAST_MATH = YES;
				ONLY_ACTIVE_ARCH = YES;
				SDKROOT = iphoneos;
				SWIFT_ACTIVE_COMPILATION_CONDITIONS = "DEBUG $(inherited)";
				SWIFT_OPTIMIZATION_LEVEL = "-Onone";
			};
			name = Debug;
		};
		DDF6A5062AFC9BEB008F6836 /* Release */ = {
			isa = XCBuildConfiguration;
			buildSettings = {
				ALWAYS_SEARCH_USER_PATHS = NO;
				ASSETCATALOG_COMPILER_GENERATE_SWIFT_ASSET_SYMBOL_EXTENSIONS = YES;
				CLANG_ANALYZER_NONNULL = YES;
				CLANG_ANALYZER_NUMBER_OBJECT_CONVERSION = YES_AGGRESSIVE;
				CLANG_CXX_LANGUAGE_STANDARD = "gnu++20";
				CLANG_ENABLE_MODULES = YES;
				CLANG_ENABLE_OBJC_ARC = YES;
				CLANG_ENABLE_OBJC_WEAK = YES;
				CLANG_WARN_BLOCK_CAPTURE_AUTORELEASING = YES;
				CLANG_WARN_BOOL_CONVERSION = YES;
				CLANG_WARN_COMMA = YES;
				CLANG_WARN_CONSTANT_CONVERSION = YES;
				CLANG_WARN_DEPRECATED_OBJC_IMPLEMENTATIONS = YES;
				CLANG_WARN_DIRECT_OBJC_ISA_USAGE = YES_ERROR;
				CLANG_WARN_DOCUMENTATION_COMMENTS = YES;
				CLANG_WARN_EMPTY_BODY = YES;
				CLANG_WARN_ENUM_CONVERSION = YES;
				CLANG_WARN_INFINITE_RECURSION = YES;
				CLANG_WARN_INT_CONVERSION = YES;
				CLANG_WARN_NON_LITERAL_NULL_CONVERSION = YES;
				CLANG_WARN_OBJC_IMPLICIT_RETAIN_SELF = YES;
				CLANG_WARN_OBJC_LITERAL_CONVERSION = YES;
				CLANG_WARN_OBJC_ROOT_CLASS = YES_ERROR;
				CLANG_WARN_QUOTED_INCLUDE_IN_FRAMEWORK_HEADER = YES;
				CLANG_WARN_RANGE_LOOP_ANALYSIS = YES;
				CLANG_WARN_STRICT_PROTOTYPES = YES;
				CLANG_WARN_SUSPICIOUS_MOVE = YES;
				CLANG_WARN_UNGUARDED_AVAILABILITY = YES_AGGRESSIVE;
				CLANG_WARN_UNREACHABLE_CODE = YES;
				CLANG_WARN__DUPLICATE_METHOD_MATCH = YES;
				COPY_PHASE_STRIP = NO;
				DEBUG_INFORMATION_FORMAT = "dwarf-with-dsym";
				ENABLE_NS_ASSERTIONS = NO;
				ENABLE_STRICT_OBJC_MSGSEND = YES;
				ENABLE_USER_SCRIPT_SANDBOXING = YES;
				GCC_C_LANGUAGE_STANDARD = gnu17;
				GCC_NO_COMMON_BLOCKS = YES;
				GCC_WARN_64_TO_32_BIT_CONVERSION = YES;
				GCC_WARN_ABOUT_RETURN_TYPE = YES_ERROR;
				GCC_WARN_UNDECLARED_SELECTOR = YES;
				GCC_WARN_UNINITIALIZED_AUTOS = YES_AGGRESSIVE;
				GCC_WARN_UNUSED_FUNCTION = YES;
				GCC_WARN_UNUSED_VARIABLE = YES;
				IPHONEOS_DEPLOYMENT_TARGET = 17.0;
				LOCALIZATION_PREFERS_STRING_CATALOGS = YES;
				MTL_ENABLE_DEBUG_INFO = NO;
				MTL_FAST_MATH = YES;
				SDKROOT = iphoneos;
				SWIFT_COMPILATION_MODE = wholemodule;
				VALIDATE_PRODUCT = YES;
			};
			name = Release;
		};
		DDF6A5082AFC9BEB008F6836 /* Debug */ = {
			isa = XCBuildConfiguration;
			buildSettings = {
				ASSETCATALOG_COMPILER_APPICON_NAME = AppIcon;
				ASSETCATALOG_COMPILER_GLOBAL_ACCENT_COLOR_NAME = AccentColor;
				CODE_SIGN_STYLE = Automatic;
				CURRENT_PROJECT_VERSION = 1;
				DEVELOPMENT_TEAM = H7BR8NTQAT;
				GENERATE_INFOPLIST_FILE = YES;
				INFOPLIST_FILE = Neobis_iOS_UIScreens/Info.plist;
				INFOPLIST_KEY_UIApplicationSupportsIndirectInputEvents = YES;
				INFOPLIST_KEY_UILaunchStoryboardName = LaunchScreen;
				INFOPLIST_KEY_UIMainStoryboardFile = Main;
				INFOPLIST_KEY_UISupportedInterfaceOrientations_iPad = "UIInterfaceOrientationPortrait UIInterfaceOrientationPortraitUpsideDown UIInterfaceOrientationLandscapeLeft UIInterfaceOrientationLandscapeRight";
				INFOPLIST_KEY_UISupportedInterfaceOrientations_iPhone = "UIInterfaceOrientationPortrait UIInterfaceOrientationLandscapeLeft UIInterfaceOrientationLandscapeRight";
				LD_RUNPATH_SEARCH_PATHS = (
					"$(inherited)",
					"@executable_path/Frameworks",
				);
				MARKETING_VERSION = 1.0;
				PRODUCT_BUNDLE_IDENTIFIER = "burte.Neobis-iOS-UIScreens";
				PRODUCT_NAME = "$(TARGET_NAME)";
				SWIFT_EMIT_LOC_STRINGS = YES;
				SWIFT_VERSION = 5.0;
				TARGETED_DEVICE_FAMILY = "1,2";
			};
			name = Debug;
		};
		DDF6A5092AFC9BEB008F6836 /* Release */ = {
			isa = XCBuildConfiguration;
			buildSettings = {
				ASSETCATALOG_COMPILER_APPICON_NAME = AppIcon;
				ASSETCATALOG_COMPILER_GLOBAL_ACCENT_COLOR_NAME = AccentColor;
				CODE_SIGN_STYLE = Automatic;
				CURRENT_PROJECT_VERSION = 1;
				DEVELOPMENT_TEAM = H7BR8NTQAT;
				GENERATE_INFOPLIST_FILE = YES;
				INFOPLIST_FILE = Neobis_iOS_UIScreens/Info.plist;
				INFOPLIST_KEY_UIApplicationSupportsIndirectInputEvents = YES;
				INFOPLIST_KEY_UILaunchStoryboardName = LaunchScreen;
				INFOPLIST_KEY_UIMainStoryboardFile = Main;
				INFOPLIST_KEY_UISupportedInterfaceOrientations_iPad = "UIInterfaceOrientationPortrait UIInterfaceOrientationPortraitUpsideDown UIInterfaceOrientationLandscapeLeft UIInterfaceOrientationLandscapeRight";
				INFOPLIST_KEY_UISupportedInterfaceOrientations_iPhone = "UIInterfaceOrientationPortrait UIInterfaceOrientationLandscapeLeft UIInterfaceOrientationLandscapeRight";
				LD_RUNPATH_SEARCH_PATHS = (
					"$(inherited)",
					"@executable_path/Frameworks",
				);
				MARKETING_VERSION = 1.0;
				PRODUCT_BUNDLE_IDENTIFIER = "burte.Neobis-iOS-UIScreens";
				PRODUCT_NAME = "$(TARGET_NAME)";
				SWIFT_EMIT_LOC_STRINGS = YES;
				SWIFT_VERSION = 5.0;
				TARGETED_DEVICE_FAMILY = "1,2";
			};
			name = Release;
		};
		DDF6A50B2AFC9BEB008F6836 /* Debug */ = {
			isa = XCBuildConfiguration;
			buildSettings = {
				ALWAYS_EMBED_SWIFT_STANDARD_LIBRARIES = YES;
				BUNDLE_LOADER = "$(TEST_HOST)";
				CODE_SIGN_STYLE = Automatic;
				CURRENT_PROJECT_VERSION = 1;
				DEVELOPMENT_TEAM = H7BR8NTQAT;
				GENERATE_INFOPLIST_FILE = YES;
				IPHONEOS_DEPLOYMENT_TARGET = 17.0;
				MARKETING_VERSION = 1.0;
				PRODUCT_BUNDLE_IDENTIFIER = "burte.Neobis-iOS-UIScreensTests";
				PRODUCT_NAME = "$(TARGET_NAME)";
				SWIFT_EMIT_LOC_STRINGS = NO;
				SWIFT_VERSION = 5.0;
				TARGETED_DEVICE_FAMILY = "1,2";
				TEST_HOST = "$(BUILT_PRODUCTS_DIR)/Neobis_iOS_UIScreens.app/$(BUNDLE_EXECUTABLE_FOLDER_PATH)/Neobis_iOS_UIScreens";
			};
			name = Debug;
		};
		DDF6A50C2AFC9BEB008F6836 /* Release */ = {
			isa = XCBuildConfiguration;
			buildSettings = {
				ALWAYS_EMBED_SWIFT_STANDARD_LIBRARIES = YES;
				BUNDLE_LOADER = "$(TEST_HOST)";
				CODE_SIGN_STYLE = Automatic;
				CURRENT_PROJECT_VERSION = 1;
				DEVELOPMENT_TEAM = H7BR8NTQAT;
				GENERATE_INFOPLIST_FILE = YES;
				IPHONEOS_DEPLOYMENT_TARGET = 17.0;
				MARKETING_VERSION = 1.0;
				PRODUCT_BUNDLE_IDENTIFIER = "burte.Neobis-iOS-UIScreensTests";
				PRODUCT_NAME = "$(TARGET_NAME)";
				SWIFT_EMIT_LOC_STRINGS = NO;
				SWIFT_VERSION = 5.0;
				TARGETED_DEVICE_FAMILY = "1,2";
				TEST_HOST = "$(BUILT_PRODUCTS_DIR)/Neobis_iOS_UIScreens.app/$(BUNDLE_EXECUTABLE_FOLDER_PATH)/Neobis_iOS_UIScreens";
			};
			name = Release;
		};
		DDF6A50E2AFC9BEB008F6836 /* Debug */ = {
			isa = XCBuildConfiguration;
			buildSettings = {
				ALWAYS_EMBED_SWIFT_STANDARD_LIBRARIES = YES;
				CODE_SIGN_STYLE = Automatic;
				CURRENT_PROJECT_VERSION = 1;
				DEVELOPMENT_TEAM = H7BR8NTQAT;
				GENERATE_INFOPLIST_FILE = YES;
				MARKETING_VERSION = 1.0;
				PRODUCT_BUNDLE_IDENTIFIER = "burte.Neobis-iOS-UIScreensUITests";
				PRODUCT_NAME = "$(TARGET_NAME)";
				SWIFT_EMIT_LOC_STRINGS = NO;
				SWIFT_VERSION = 5.0;
				TARGETED_DEVICE_FAMILY = "1,2";
				TEST_TARGET_NAME = Neobis_iOS_UIScreens;
			};
			name = Debug;
		};
		DDF6A50F2AFC9BEB008F6836 /* Release */ = {
			isa = XCBuildConfiguration;
			buildSettings = {
				ALWAYS_EMBED_SWIFT_STANDARD_LIBRARIES = YES;
				CODE_SIGN_STYLE = Automatic;
				CURRENT_PROJECT_VERSION = 1;
				DEVELOPMENT_TEAM = H7BR8NTQAT;
				GENERATE_INFOPLIST_FILE = YES;
				MARKETING_VERSION = 1.0;
				PRODUCT_BUNDLE_IDENTIFIER = "burte.Neobis-iOS-UIScreensUITests";
				PRODUCT_NAME = "$(TARGET_NAME)";
				SWIFT_EMIT_LOC_STRINGS = NO;
				SWIFT_VERSION = 5.0;
				TARGETED_DEVICE_FAMILY = "1,2";
				TEST_TARGET_NAME = Neobis_iOS_UIScreens;
			};
			name = Release;
		};
/* End XCBuildConfiguration section */

/* Begin XCConfigurationList section */
		DDF6A4D82AFC9BE8008F6836 /* Build configuration list for PBXProject "Neobis_iOS_UIScreens" */ = {
			isa = XCConfigurationList;
			buildConfigurations = (
				DDF6A5052AFC9BEB008F6836 /* Debug */,
				DDF6A5062AFC9BEB008F6836 /* Release */,
			);
			defaultConfigurationIsVisible = 0;
			defaultConfigurationName = Release;
		};
		DDF6A5072AFC9BEB008F6836 /* Build configuration list for PBXNativeTarget "Neobis_iOS_UIScreens" */ = {
			isa = XCConfigurationList;
			buildConfigurations = (
				DDF6A5082AFC9BEB008F6836 /* Debug */,
				DDF6A5092AFC9BEB008F6836 /* Release */,
			);
			defaultConfigurationIsVisible = 0;
			defaultConfigurationName = Release;
		};
		DDF6A50A2AFC9BEB008F6836 /* Build configuration list for PBXNativeTarget "Neobis_iOS_UIScreensTests" */ = {
			isa = XCConfigurationList;
			buildConfigurations = (
				DDF6A50B2AFC9BEB008F6836 /* Debug */,
				DDF6A50C2AFC9BEB008F6836 /* Release */,
			);
			defaultConfigurationIsVisible = 0;
			defaultConfigurationName = Release;
		};
		DDF6A50D2AFC9BEB008F6836 /* Build configuration list for PBXNativeTarget "Neobis_iOS_UIScreensUITests" */ = {
			isa = XCConfigurationList;
			buildConfigurations = (
				DDF6A50E2AFC9BEB008F6836 /* Debug */,
				DDF6A50F2AFC9BEB008F6836 /* Release */,
			);
			defaultConfigurationIsVisible = 0;
			defaultConfigurationName = Release;
		};
/* End XCConfigurationList section */
	};
	rootObject = DDF6A4D52AFC9BE8008F6836 /* Project object */;
}
