// !$*UTF8*$!
{
	archiveVersion = 1;
	classes = {
	};
	objectVersion = 56;
	objects = {

/* Begin PBXBuildFile section */
		DDEBBE5C2AFE436E009065AD /* FinanceVC.swift in Sources */ = {isa = PBXBuildFile; fileRef = DDEBBE5B2AFE436E009065AD /* FinanceVC.swift */; };
		DDEBBE5E2AFE4378009065AD /* CryptoVC.swift in Sources */ = {isa = PBXBuildFile; fileRef = DDEBBE5D2AFE4378009065AD /* CryptoVC.swift */; };
		DDEBBE622AFE4393009065AD /* TravelVC.swift in Sources */ = {isa = PBXBuildFile; fileRef = DDEBBE612AFE4393009065AD /* TravelVC.swift */; };
		DDEBBE642AFE43D1009065AD /* PhoneVC.swift in Sources */ = {isa = PBXBuildFile; fileRef = DDEBBE632AFE43D1009065AD /* PhoneVC.swift */; };
		DDEBBE662AFE5B64009065AD /* WeatherVC2.swift in Sources */ = {isa = PBXBuildFile; fileRef = DDEBBE652AFE5B64009065AD /* WeatherVC2.swift */; };
		DDEBBE682AFE5C8B009065AD /* TabBarController.swift in Sources */ = {isa = PBXBuildFile; fileRef = DDEBBE672AFE5C8B009065AD /* TabBarController.swift */; };
		DDEBBE6F2B00AAA9009065AD /* PhoneCell.swift in Sources */ = {isa = PBXBuildFile; fileRef = DDEBBE6E2B00AAA9009065AD /* PhoneCell.swift */; };
		DDEBBE732B00B1D7009065AD /* PhoneModel.swift in Sources */ = {isa = PBXBuildFile; fileRef = DDEBBE722B00B1D7009065AD /* PhoneModel.swift */; };
		DDEBBE7F2B00E656009065AD /* CityModel.swift in Sources */ = {isa = PBXBuildFile; fileRef = DDEBBE7E2B00E656009065AD /* CityModel.swift */; };
		DDEBBE812B00E785009065AD /* TravelCell.swift in Sources */ = {isa = PBXBuildFile; fileRef = DDEBBE802B00E785009065AD /* TravelCell.swift */; };
		DDEBBE832B0132F3009065AD /* FinanceCell.swift in Sources */ = {isa = PBXBuildFile; fileRef = DDEBBE822B0132F3009065AD /* FinanceCell.swift */; };
		DDEBBE852B01333A009065AD /* Expense.swift in Sources */ = {isa = PBXBuildFile; fileRef = DDEBBE842B01333A009065AD /* Expense.swift */; };
		DDEBBE872B01B1EE009065AD /* CryptoModel.swift in Sources */ = {isa = PBXBuildFile; fileRef = DDEBBE862B01B1EE009065AD /* CryptoModel.swift */; };
		DDEBBE892B01B27D009065AD /* CryptoCell.swift in Sources */ = {isa = PBXBuildFile; fileRef = DDEBBE882B01B27D009065AD /* CryptoCell.swift */; };
		DDEBBE8B2B01CC46009065AD /* CryptoTabBarController.swift in Sources */ = {isa = PBXBuildFile; fileRef = DDEBBE8A2B01CC46009065AD /* CryptoTabBarController.swift */; };
		DDEBBE8D2B01CC99009065AD /* CryptoVC2.swift in Sources */ = {isa = PBXBuildFile; fileRef = DDEBBE8C2B01CC99009065AD /* CryptoVC2.swift */; };
		DDEBBE8F2B01CCAB009065AD /* CryptoVC3.swift in Sources */ = {isa = PBXBuildFile; fileRef = DDEBBE8E2B01CCAB009065AD /* CryptoVC3.swift */; };
		DDEBBE912B01D189009065AD /* FinanceVC2.swift in Sources */ = {isa = PBXBuildFile; fileRef = DDEBBE902B01D189009065AD /* FinanceVC2.swift */; };
		DDEBBE932B01D199009065AD /* FinanceVC3.swift in Sources */ = {isa = PBXBuildFile; fileRef = DDEBBE922B01D199009065AD /* FinanceVC3.swift */; };
		DDEBBE952B01D1B2009065AD /* FinanceTabBarController.swift in Sources */ = {isa = PBXBuildFile; fileRef = DDEBBE942B01D1B2009065AD /* FinanceTabBarController.swift */; };
		DDEBBE972B01D245009065AD /* PhoneTabBarController.swift in Sources */ = {isa = PBXBuildFile; fileRef = DDEBBE962B01D245009065AD /* PhoneTabBarController.swift */; };
		DDEBBE9B2B01D26B009065AD /* PhoneVC2.swift in Sources */ = {isa = PBXBuildFile; fileRef = DDEBBE9A2B01D26B009065AD /* PhoneVC2.swift */; };
		DDEBBE9D2B01D274009065AD /* PhoneVC3.swift in Sources */ = {isa = PBXBuildFile; fileRef = DDEBBE9C2B01D274009065AD /* PhoneVC3.swift */; };
		DDEBBEA12B01FEDB009065AD /* ShadowExtension.swift in Sources */ = {isa = PBXBuildFile; fileRef = DDEBBEA02B01FEDB009065AD /* ShadowExtension.swift */; };
		DDEBBEA32B025E19009065AD /* WeeklyModel.swift in Sources */ = {isa = PBXBuildFile; fileRef = DDEBBEA22B025E19009065AD /* WeeklyModel.swift */; };
		DDEBBEA52B025E9E009065AD /* DailyModel.swift in Sources */ = {isa = PBXBuildFile; fileRef = DDEBBEA42B025E9E009065AD /* DailyModel.swift */; };
		DDEBBEA92B0260F0009065AD /* WeeklyTableViewCell.swift in Sources */ = {isa = PBXBuildFile; fileRef = DDEBBEA82B0260F0009065AD /* WeeklyTableViewCell.swift */; };
		DDEBBEAD2B02654A009065AD /* DailyCollectionViewCell.swift in Sources */ = {isa = PBXBuildFile; fileRef = DDEBBEAC2B02654A009065AD /* DailyCollectionViewCell.swift */; };
		DDF6A4E12AFC9BE8008F6836 /* AppDelegate.swift in Sources */ = {isa = PBXBuildFile; fileRef = DDF6A4E02AFC9BE8008F6836 /* AppDelegate.swift */; };
		DDF6A4E32AFC9BE8008F6836 /* SceneDelegate.swift in Sources */ = {isa = PBXBuildFile; fileRef = DDF6A4E22AFC9BE8008F6836 /* SceneDelegate.swift */; };
		DDF6A4E52AFC9BE8008F6836 /* WeatherVC.swift in Sources */ = {isa = PBXBuildFile; fileRef = DDF6A4E42AFC9BE8008F6836 /* WeatherVC.swift */; };
		DDF6A4EA2AFC9BEA008F6836 /* Assets.xcassets in Resources */ = {isa = PBXBuildFile; fileRef = DDF6A4E92AFC9BEA008F6836 /* Assets.xcassets */; };
		DDF6A4ED2AFC9BEA008F6836 /* LaunchScreen.storyboard in Resources */ = {isa = PBXBuildFile; fileRef = DDF6A4EB2AFC9BEA008F6836 /* LaunchScreen.storyboard */; };
		DDF6A4F82AFC9BEB008F6836 /* Neobis_iOS_UIScreensTests.swift in Sources */ = {isa = PBXBuildFile; fileRef = DDF6A4F72AFC9BEB008F6836 /* Neobis_iOS_UIScreensTests.swift */; };
		DDF6A5022AFC9BEB008F6836 /* Neobis_iOS_UIScreensUITests.swift in Sources */ = {isa = PBXBuildFile; fileRef = DDF6A5012AFC9BEB008F6836 /* Neobis_iOS_UIScreensUITests.swift */; };
		DDF6A5042AFC9BEB008F6836 /* Neobis_iOS_UIScreensUITestsLaunchTests.swift in Sources */ = {isa = PBXBuildFile; fileRef = DDF6A5032AFC9BEB008F6836 /* Neobis_iOS_UIScreensUITestsLaunchTests.swift */; };
/* End PBXBuildFile section */

/* Begin PBXContainerItemProxy section */
		DDF6A4F42AFC9BEB008F6836 /* PBXContainerItemProxy */ = {
			isa = PBXContainerItemProxy;
			containerPortal = DDF6A4D52AFC9BE8008F6836 /* Project object */;
			proxyType = 1;
			remoteGlobalIDString = DDF6A4DC2AFC9BE8008F6836;
			remoteInfo = Neobis_iOS_UIScreens;
		};
		DDF6A4FE2AFC9BEB008F6836 /* PBXContainerItemProxy */ = {
			isa = PBXContainerItemProxy;
			containerPortal = DDF6A4D52AFC9BE8008F6836 /* Project object */;
			proxyType = 1;
			remoteGlobalIDString = DDF6A4DC2AFC9BE8008F6836;
			remoteInfo = Neobis_iOS_UIScreens;
		};
/* End PBXContainerItemProxy section */

/* Begin PBXFileReference section */
		DDEBBE5B2AFE436E009065AD /* FinanceVC.swift */ = {isa = PBXFileReference; lastKnownFileType = sourcecode.swift; path = FinanceVC.swift; sourceTree = "<group>"; };
		DDEBBE5D2AFE4378009065AD /* CryptoVC.swift */ = {isa = PBXFileReference; lastKnownFileType = sourcecode.swift; path = CryptoVC.swift; sourceTree = "<group>"; };
		DDEBBE612AFE4393009065AD /* TravelVC.swift */ = {isa = PBXFileReference; lastKnownFileType = sourcecode.swift; path = TravelVC.swift; sourceTree = "<group>"; };
		DDEBBE632AFE43D1009065AD /* PhoneVC.swift */ = {isa = PBXFileReference; lastKnownFileType = sourcecode.swift; path = PhoneVC.swift; sourceTree = "<group>"; };
		DDEBBE652AFE5B64009065AD /* WeatherVC2.swift */ = {isa = PBXFileReference; lastKnownFileType = sourcecode.swift; path = WeatherVC2.swift; sourceTree = "<group>"; };
		DDEBBE672AFE5C8B009065AD /* TabBarController.swift */ = {isa = PBXFileReference; lastKnownFileType = sourcecode.swift; path = TabBarController.swift; sourceTree = "<group>"; };
		DDEBBE6E2B00AAA9009065AD /* PhoneCell.swift */ = {isa = PBXFileReference; lastKnownFileType = sourcecode.swift; path = PhoneCell.swift; sourceTree = "<group>"; };
		DDEBBE722B00B1D7009065AD /* PhoneModel.swift */ = {isa = PBXFileReference; lastKnownFileType = sourcecode.swift; path = PhoneModel.swift; sourceTree = "<group>"; };
		DDEBBE7E2B00E656009065AD /* CityModel.swift */ = {isa = PBXFileReference; lastKnownFileType = sourcecode.swift; path = CityModel.swift; sourceTree = "<group>"; };
		DDEBBE802B00E785009065AD /* TravelCell.swift */ = {isa = PBXFileReference; lastKnownFileType = sourcecode.swift; path = TravelCell.swift; sourceTree = "<group>"; };
		DDEBBE822B0132F3009065AD /* FinanceCell.swift */ = {isa = PBXFileReference; lastKnownFileType = sourcecode.swift; path = FinanceCell.swift; sourceTree = "<group>"; };
		DDEBBE842B01333A009065AD /* Expense.swift */ = {isa = PBXFileReference; lastKnownFileType = sourcecode.swift; path = Expense.swift; sourceTree = "<group>"; };
		DDEBBE862B01B1EE009065AD /* CryptoModel.swift */ = {isa = PBXFileReference; lastKnownFileType = sourcecode.swift; path = CryptoModel.swift; sourceTree = "<group>"; };
		DDEBBE882B01B27D009065AD /* CryptoCell.swift */ = {isa = PBXFileReference; lastKnownFileType = sourcecode.swift; path = CryptoCell.swift; sourceTree = "<group>"; };
		DDEBBE8A2B01CC46009065AD /* CryptoTabBarController.swift */ = {isa = PBXFileReference; lastKnownFileType = sourcecode.swift; path = CryptoTabBarController.swift; sourceTree = "<group>"; };
		DDEBBE8C2B01CC99009065AD /* CryptoVC2.swift */ = {isa = PBXFileReference; lastKnownFileType = sourcecode.swift; path = CryptoVC2.swift; sourceTree = "<group>"; };
		DDEBBE8E2B01CCAB009065AD /* CryptoVC3.swift */ = {isa = PBXFileReference; lastKnownFileType = sourcecode.swift; path = CryptoVC3.swift; sourceTree = "<group>"; };
		DDEBBE902B01D189009065AD /* FinanceVC2.swift */ = {isa = PBXFileReference; lastKnownFileType = sourcecode.swift; path = FinanceVC2.swift; sourceTree = "<group>"; };
		DDEBBE922B01D199009065AD /* FinanceVC3.swift */ = {isa = PBXFileReference; lastKnownFileType = sourcecode.swift; path = FinanceVC3.swift; sourceTree = "<group>"; };
		DDEBBE942B01D1B2009065AD /* FinanceTabBarController.swift */ = {isa = PBXFileReference; lastKnownFileType = sourcecode.swift; path = FinanceTabBarController.swift; sourceTree = "<group>"; };
		DDEBBE962B01D245009065AD /* PhoneTabBarController.swift */ = {isa = PBXFileReference; lastKnownFileType = sourcecode.swift; path = PhoneTabBarController.swift; sourceTree = "<group>"; };
		DDEBBE9A2B01D26B009065AD /* PhoneVC2.swift */ = {isa = PBXFileReference; lastKnownFileType = sourcecode.swift; path = PhoneVC2.swift; sourceTree = "<group>"; };
		DDEBBE9C2B01D274009065AD /* PhoneVC3.swift */ = {isa = PBXFileReference; lastKnownFileType = sourcecode.swift; path = PhoneVC3.swift; sourceTree = "<group>"; };
		DDEBBEA02B01FEDB009065AD /* ShadowExtension.swift */ = {isa = PBXFileReference; lastKnownFileType = sourcecode.swift; path = ShadowExtension.swift; sourceTree = "<group>"; };
		DDEBBEA22B025E19009065AD /* WeeklyModel.swift */ = {isa = PBXFileReference; lastKnownFileType = sourcecode.swift; path = WeeklyModel.swift; sourceTree = "<group>"; };
		DDEBBEA42B025E9E009065AD /* DailyModel.swift */ = {isa = PBXFileReference; lastKnownFileType = sourcecode.swift; path = DailyModel.swift; sourceTree = "<group>"; };
		DDEBBEA82B0260F0009065AD /* WeeklyTableViewCell.swift */ = {isa = PBXFileReference; lastKnownFileType = sourcecode.swift; path = WeeklyTableViewCell.swift; sourceTree = "<group>"; };
		DDEBBEAC2B02654A009065AD /* DailyCollectionViewCell.swift */ = {isa = PBXFileReference; lastKnownFileType = sourcecode.swift; path = DailyCollectionViewCell.swift; sourceTree = "<group>"; };
		DDF6A4DD2AFC9BE8008F6836 /* Neobis_iOS_UIScreens.app */ = {isa = PBXFileReference; explicitFileType = wrapper.application; includeInIndex = 0; path = Neobis_iOS_UIScreens.app; sourceTree = BUILT_PRODUCTS_DIR; };
		DDF6A4E02AFC9BE8008F6836 /* AppDelegate.swift */ = {isa = PBXFileReference; lastKnownFileType = sourcecode.swift; path = AppDelegate.swift; sourceTree = "<group>"; };
		DDF6A4E22AFC9BE8008F6836 /* SceneDelegate.swift */ = {isa = PBXFileReference; lastKnownFileType = sourcecode.swift; path = SceneDelegate.swift; sourceTree = "<group>"; };
		DDF6A4E42AFC9BE8008F6836 /* WeatherVC.swift */ = {isa = PBXFileReference; lastKnownFileType = sourcecode.swift; path = WeatherVC.swift; sourceTree = "<group>"; };
		DDF6A4E92AFC9BEA008F6836 /* Assets.xcassets */ = {isa = PBXFileReference; lastKnownFileType = folder.assetcatalog; path = Assets.xcassets; sourceTree = "<group>"; };
		DDF6A4EC2AFC9BEA008F6836 /* Base */ = {isa = PBXFileReference; lastKnownFileType = file.storyboard; name = Base; path = Base.lproj/LaunchScreen.storyboard; sourceTree = "<group>"; };
		DDF6A4EE2AFC9BEA008F6836 /* Info.plist */ = {isa = PBXFileReference; lastKnownFileType = text.plist.xml; path = Info.plist; sourceTree = "<group>"; };
		DDF6A4F32AFC9BEB008F6836 /* Neobis_iOS_UIScreensTests.xctest */ = {isa = PBXFileReference; explicitFileType = wrapper.cfbundle; includeInIndex = 0; path = Neobis_iOS_UIScreensTests.xctest; sourceTree = BUILT_PRODUCTS_DIR; };
		DDF6A4F72AFC9BEB008F6836 /* Neobis_iOS_UIScreensTests.swift */ = {isa = PBXFileReference; lastKnownFileType = sourcecode.swift; path = Neobis_iOS_UIScreensTests.swift; sourceTree = "<group>"; };
		DDF6A4FD2AFC9BEB008F6836 /* Neobis_iOS_UIScreensUITests.xctest */ = {isa = PBXFileReference; explicitFileType = wrapper.cfbundle; includeInIndex = 0; path = Neobis_iOS_UIScreensUITests.xctest; sourceTree = BUILT_PRODUCTS_DIR; };
		DDF6A5012AFC9BEB008F6836 /* Neobis_iOS_UIScreensUITests.swift */ = {isa = PBXFileReference; lastKnownFileType = sourcecode.swift; path = Neobis_iOS_UIScreensUITests.swift; sourceTree = "<group>"; };
		DDF6A5032AFC9BEB008F6836 /* Neobis_iOS_UIScreensUITestsLaunchTests.swift */ = {isa = PBXFileReference; lastKnownFileType = sourcecode.swift; path = Neobis_iOS_UIScreensUITestsLaunchTests.swift; sourceTree = "<group>"; };
/* End PBXFileReference section */

/* Begin PBXFrameworksBuildPhase section */
		DDF6A4DA2AFC9BE8008F6836 /* Frameworks */ = {
			isa = PBXFrameworksBuildPhase;
			buildActionMask = 2147483647;
			files = (
			);
			runOnlyForDeploymentPostprocessing = 0;
		};
		DDF6A4F02AFC9BEB008F6836 /* Frameworks */ = {
			isa = PBXFrameworksBuildPhase;
			buildActionMask = 2147483647;
			files = (
			);
			runOnlyForDeploymentPostprocessing = 0;
		};
		DDF6A4FA2AFC9BEB008F6836 /* Frameworks */ = {
			isa = PBXFrameworksBuildPhase;
			buildActionMask = 2147483647;
			files = (
			);
			runOnlyForDeploymentPostprocessing = 0;
		};
/* End PBXFrameworksBuildPhase section */

/* Begin PBXGroup section */
		DDEBBE712B00B1A1009065AD /* Phone */ = {
			isa = PBXGroup;
			children = (
				DDEBBE722B00B1D7009065AD /* PhoneModel.swift */,
				DDEBBE6E2B00AAA9009065AD /* PhoneCell.swift */,
				DDEBBE632AFE43D1009065AD /* PhoneVC.swift */,
				DDEBBE9A2B01D26B009065AD /* PhoneVC2.swift */,
				DDEBBE9C2B01D274009065AD /* PhoneVC3.swift */,
				DDEBBE962B01D245009065AD /* PhoneTabBarController.swift */,
			);
			path = Phone;
			sourceTree = "<group>";
		};
		DDEBBE742B00DDF1009065AD /* Travel */ = {
			isa = PBXGroup;
			children = (
				DDEBBE7E2B00E656009065AD /* CityModel.swift */,
				DDEBBE802B00E785009065AD /* TravelCell.swift */,
				DDEBBE612AFE4393009065AD /* TravelVC.swift */,
			);
			path = Travel;
			sourceTree = "<group>";
		};
		DDEBBE752B00DE10009065AD /* Finance */ = {
			isa = PBXGroup;
			children = (
				DDEBBE842B01333A009065AD /* Expense.swift */,
				DDEBBE822B0132F3009065AD /* FinanceCell.swift */,
				DDEBBE5B2AFE436E009065AD /* FinanceVC.swift */,
				DDEBBE902B01D189009065AD /* FinanceVC2.swift */,
				DDEBBE922B01D199009065AD /* FinanceVC3.swift */,
				DDEBBE942B01D1B2009065AD /* FinanceTabBarController.swift */,
			);
			path = Finance;
			sourceTree = "<group>";
		};
		DDEBBE762B00DE27009065AD /* Crypto */ = {
			isa = PBXGroup;
			children = (
				DDEBBE862B01B1EE009065AD /* CryptoModel.swift */,
				DDEBBE882B01B27D009065AD /* CryptoCell.swift */,
				DDEBBE5D2AFE4378009065AD /* CryptoVC.swift */,
				DDEBBE8C2B01CC99009065AD /* CryptoVC2.swift */,
				DDEBBE8E2B01CCAB009065AD /* CryptoVC3.swift */,
				DDEBBE8A2B01CC46009065AD /* CryptoTabBarController.swift */,
			);
			path = Crypto;
			sourceTree = "<group>";
		};
		DDEBBE772B00DE3B009065AD /* Weather */ = {
			isa = PBXGroup;
			children = (
				DDEBBE9E2B01DB61009065AD /* Weather1 */,
				DDEBBE9F2B01DB6B009065AD /* Weather2 */,
				DDEBBEA02B01FEDB009065AD /* ShadowExtension.swift */,
			);
			path = Weather;
			sourceTree = "<group>";
		};
		DDEBBE9E2B01DB61009065AD /* Weather1 */ = {
			isa = PBXGroup;
			children = (
				DDF6A4E42AFC9BE8008F6836 /* WeatherVC.swift */,
			);
			path = Weather1;
			sourceTree = "<group>";
		};
		DDEBBE9F2B01DB6B009065AD /* Weather2 */ = {
			isa = PBXGroup;
			children = (
				DDEBBEA22B025E19009065AD /* WeeklyModel.swift */,
				DDEBBEA82B0260F0009065AD /* WeeklyTableViewCell.swift */,
				DDEBBEA42B025E9E009065AD /* DailyModel.swift */,
				DDEBBEAC2B02654A009065AD /* DailyCollectionViewCell.swift */,
				DDEBBE652AFE5B64009065AD /* WeatherVC2.swift */,
			);
			path = Weather2;
			sourceTree = "<group>";
		};
		DDF6A4D42AFC9BE8008F6836 = {
			isa = PBXGroup;
			children = (
				DDF6A4DF2AFC9BE8008F6836 /* Neobis_iOS_UIScreens */,
				DDF6A4F62AFC9BEB008F6836 /* Neobis_iOS_UIScreensTests */,
				DDF6A5002AFC9BEB008F6836 /* Neobis_iOS_UIScreensUITests */,
				DDF6A4DE2AFC9BE8008F6836 /* Products */,
			);
			sourceTree = "<group>";
		};
		DDF6A4DE2AFC9BE8008F6836 /* Products */ = {
			isa = PBXGroup;
			children = (
				DDF6A4DD2AFC9BE8008F6836 /* Neobis_iOS_UIScreens.app */,
				DDF6A4F32AFC9BEB008F6836 /* Neobis_iOS_UIScreensTests.xctest */,
				DDF6A4FD2AFC9BEB008F6836 /* Neobis_iOS_UIScreensUITests.xctest */,
			);
			name = Products;
			sourceTree = "<group>";
		};
		DDF6A4DF2AFC9BE8008F6836 /* Neobis_iOS_UIScreens */ = {
			isa = PBXGroup;
			children = (
				DDF6A4E02AFC9BE8008F6836 /* AppDelegate.swift */,
				DDF6A4E22AFC9BE8008F6836 /* SceneDelegate.swift */,
				DDEBBE672AFE5C8B009065AD /* TabBarController.swift */,
				DDEBBE772B00DE3B009065AD /* Weather */,
				DDEBBE762B00DE27009065AD /* Crypto */,
				DDEBBE752B00DE10009065AD /* Finance */,
				DDEBBE742B00DDF1009065AD /* Travel */,
				DDEBBE712B00B1A1009065AD /* Phone */,
				DDF6A4EE2AFC9BEA008F6836 /* Info.plist */,
				DDF6A4EB2AFC9BEA008F6836 /* LaunchScreen.storyboard */,
				DDF6A4E92AFC9BEA008F6836 /* Assets.xcassets */,
			);
			path = Neobis_iOS_UIScreens;
			sourceTree = "<group>";
		};
		DDF6A4F62AFC9BEB008F6836 /* Neobis_iOS_UIScreensTests */ = {
			isa = PBXGroup;
			children = (
				DDF6A4F72AFC9BEB008F6836 /* Neobis_iOS_UIScreensTests.swift */,
			);
			path = Neobis_iOS_UIScreensTests;
			sourceTree = "<group>";
		};
		DDF6A5002AFC9BEB008F6836 /* Neobis_iOS_UIScreensUITests */ = {
			isa = PBXGroup;
			children = (
				DDF6A5012AFC9BEB008F6836 /* Neobis_iOS_UIScreensUITests.swift */,
				DDF6A5032AFC9BEB008F6836 /* Neobis_iOS_UIScreensUITestsLaunchTests.swift */,
			);
			path = Neobis_iOS_UIScreensUITests;
			sourceTree = "<group>";
		};
/* End PBXGroup section */

/* Begin PBXNativeTarget section */
		DDF6A4DC2AFC9BE8008F6836 /* Neobis_iOS_UIScreens */ = {
			isa = PBXNativeTarget;
			buildConfigurationList = DDF6A5072AFC9BEB008F6836 /* Build configuration list for PBXNativeTarget "Neobis_iOS_UIScreens" */;
			buildPhases = (
				DDF6A4D92AFC9BE8008F6836 /* Sources */,
				DDF6A4DA2AFC9BE8008F6836 /* Frameworks */,
				DDF6A4DB2AFC9BE8008F6836 /* Resources */,
			);
			buildRules = (
			);
			dependencies = (
			);
			name = Neobis_iOS_UIScreens;
			productName = Neobis_iOS_UIScreens;
			productReference = DDF6A4DD2AFC9BE8008F6836 /* Neobis_iOS_UIScreens.app */;
			productType = "com.apple.product-type.application";
		};
		DDF6A4F22AFC9BEB008F6836 /* Neobis_iOS_UIScreensTests */ = {
			isa = PBXNativeTarget;
			buildConfigurationList = DDF6A50A2AFC9BEB008F6836 /* Build configuration list for PBXNativeTarget "Neobis_iOS_UIScreensTests" */;
			buildPhases = (
				DDF6A4EF2AFC9BEB008F6836 /* Sources */,
				DDF6A4F02AFC9BEB008F6836 /* Frameworks */,
				DDF6A4F12AFC9BEB008F6836 /* Resources */,
			);
			buildRules = (
			);
			dependencies = (
				DDF6A4F52AFC9BEB008F6836 /* PBXTargetDependency */,
			);
			name = Neobis_iOS_UIScreensTests;
			productName = Neobis_iOS_UIScreensTests;
			productReference = DDF6A4F32AFC9BEB008F6836 /* Neobis_iOS_UIScreensTests.xctest */;
			productType = "com.apple.product-type.bundle.unit-test";
		};
		DDF6A4FC2AFC9BEB008F6836 /* Neobis_iOS_UIScreensUITests */ = {
			isa = PBXNativeTarget;
			buildConfigurationList = DDF6A50D2AFC9BEB008F6836 /* Build configuration list for PBXNativeTarget "Neobis_iOS_UIScreensUITests" */;
			buildPhases = (
				DDF6A4F92AFC9BEB008F6836 /* Sources */,
				DDF6A4FA2AFC9BEB008F6836 /* Frameworks */,
				DDF6A4FB2AFC9BEB008F6836 /* Resources */,
			);
			buildRules = (
			);
			dependencies = (
				DDF6A4FF2AFC9BEB008F6836 /* PBXTargetDependency */,
			);
			name = Neobis_iOS_UIScreensUITests;
			productName = Neobis_iOS_UIScreensUITests;
			productReference = DDF6A4FD2AFC9BEB008F6836 /* Neobis_iOS_UIScreensUITests.xctest */;
			productType = "com.apple.product-type.bundle.ui-testing";
		};
/* End PBXNativeTarget section */

/* Begin PBXProject section */
		DDF6A4D52AFC9BE8008F6836 /* Project object */ = {
			isa = PBXProject;
			attributes = {
				BuildIndependentTargetsInParallel = 1;
				LastSwiftUpdateCheck = 1500;
				LastUpgradeCheck = 1500;
				TargetAttributes = {
					DDF6A4DC2AFC9BE8008F6836 = {
						CreatedOnToolsVersion = 15.0.1;
					};
					DDF6A4F22AFC9BEB008F6836 = {
						CreatedOnToolsVersion = 15.0.1;
						TestTargetID = DDF6A4DC2AFC9BE8008F6836;
					};
					DDF6A4FC2AFC9BEB008F6836 = {
						CreatedOnToolsVersion = 15.0.1;
						TestTargetID = DDF6A4DC2AFC9BE8008F6836;
					};
				};
			};
			buildConfigurationList = DDF6A4D82AFC9BE8008F6836 /* Build configuration list for PBXProject "Neobis_iOS_UIScreens" */;
			compatibilityVersion = "Xcode 14.0";
			developmentRegion = en;
			hasScannedForEncodings = 0;
			knownRegions = (
				en,
				Base,
			);
			mainGroup = DDF6A4D42AFC9BE8008F6836;
			productRefGroup = DDF6A4DE2AFC9BE8008F6836 /* Products */;
			projectDirPath = "";
			projectRoot = "";
			targets = (
				DDF6A4DC2AFC9BE8008F6836 /* Neobis_iOS_UIScreens */,
				DDF6A4F22AFC9BEB008F6836 /* Neobis_iOS_UIScreensTests */,
				DDF6A4FC2AFC9BEB008F6836 /* Neobis_iOS_UIScreensUITests */,
			);
		};
/* End PBXProject section */

/* Begin PBXResourcesBuildPhase section */
		DDF6A4DB2AFC9BE8008F6836 /* Resources */ = {
			isa = PBXResourcesBuildPhase;
			buildActionMask = 2147483647;
			files = (
				DDF6A4ED2AFC9BEA008F6836 /* LaunchScreen.storyboard in Resources */,
				DDF6A4EA2AFC9BEA008F6836 /* Assets.xcassets in Resources */,
			);
			runOnlyForDeploymentPostprocessing = 0;
		};
		DDF6A4F12AFC9BEB008F6836 /* Resources */ = {
			isa = PBXResourcesBuildPhase;
			buildActionMask = 2147483647;
			files = (
			);
			runOnlyForDeploymentPostprocessing = 0;
		};
		DDF6A4FB2AFC9BEB008F6836 /* Resources */ = {
			isa = PBXResourcesBuildPhase;
			buildActionMask = 2147483647;
			files = (
			);
			runOnlyForDeploymentPostprocessing = 0;
		};
/* End PBXResourcesBuildPhase section */

/* Begin PBXSourcesBuildPhase section */
		DDF6A4D92AFC9BE8008F6836 /* Sources */ = {
			isa = PBXSourcesBuildPhase;
			buildActionMask = 2147483647;
			files = (
				DDEBBE912B01D189009065AD /* FinanceVC2.swift in Sources */,
				DDF6A4E52AFC9BE8008F6836 /* WeatherVC.swift in Sources */,
				DDEBBE892B01B27D009065AD /* CryptoCell.swift in Sources */,
				DDEBBE662AFE5B64009065AD /* WeatherVC2.swift in Sources */,
				DDEBBEA92B0260F0009065AD /* WeeklyTableViewCell.swift in Sources */,
				DDEBBE8F2B01CCAB009065AD /* CryptoVC3.swift in Sources */,
				DDEBBE832B0132F3009065AD /* FinanceCell.swift in Sources */,
				DDEBBE732B00B1D7009065AD /* PhoneModel.swift in Sources */,
				DDEBBE622AFE4393009065AD /* TravelVC.swift in Sources */,
				DDEBBE972B01D245009065AD /* PhoneTabBarController.swift in Sources */,
				DDEBBE8B2B01CC46009065AD /* CryptoTabBarController.swift in Sources */,
				DDEBBEA32B025E19009065AD /* WeeklyModel.swift in Sources */,
				DDEBBE812B00E785009065AD /* TravelCell.swift in Sources */,
				DDEBBE9D2B01D274009065AD /* PhoneVC3.swift in Sources */,
				DDEBBE6F2B00AAA9009065AD /* PhoneCell.swift in Sources */,
				DDEBBE5C2AFE436E009065AD /* FinanceVC.swift in Sources */,
				DDF6A4E12AFC9BE8008F6836 /* AppDelegate.swift in Sources */,
				DDEBBE852B01333A009065AD /* Expense.swift in Sources */,
				DDEBBE642AFE43D1009065AD /* PhoneVC.swift in Sources */,
				DDEBBE7F2B00E656009065AD /* CityModel.swift in Sources */,
				DDEBBE5E2AFE4378009065AD /* CryptoVC.swift in Sources */,
				DDEBBE932B01D199009065AD /* FinanceVC3.swift in Sources */,
				DDEBBE9B2B01D26B009065AD /* PhoneVC2.swift in Sources */,
				DDEBBEA12B01FEDB009065AD /* ShadowExtension.swift in Sources */,
				DDEBBEA52B025E9E009065AD /* DailyModel.swift in Sources */,
				DDEBBE682AFE5C8B009065AD /* TabBarController.swift in Sources */,
				DDEBBE952B01D1B2009065AD /* FinanceTabBarController.swift in Sources */,
				DDEBBE872B01B1EE009065AD /* CryptoModel.swift in Sources */,
				DDEBBE8D2B01CC99009065AD /* CryptoVC2.swift in Sources */,
				DDEBBEAD2B02654A009065AD /* DailyCollectionViewCell.swift in Sources */,
				DDF6A4E32AFC9BE8008F6836 /* SceneDelegate.swift in Sources */,
			);
			runOnlyForDeploymentPostprocessing = 0;
		};
		DDF6A4EF2AFC9BEB008F6836 /* Sources */ = {
			isa = PBXSourcesBuildPhase;
			buildActionMask = 2147483647;
			files = (
				DDF6A4F82AFC9BEB008F6836 /* Neobis_iOS_UIScreensTests.swift in Sources */,
			);
			runOnlyForDeploymentPostprocessing = 0;
		};
		DDF6A4F92AFC9BEB008F6836 /* Sources */ = {
			isa = PBXSourcesBuildPhase;
			buildActionMask = 2147483647;
			files = (
				DDF6A5042AFC9BEB008F6836 /* Neobis_iOS_UIScreensUITestsLaunchTests.swift in Sources */,
				DDF6A5022AFC9BEB008F6836 /* Neobis_iOS_UIScreensUITests.swift in Sources */,
			);
			runOnlyForDeploymentPostprocessing = 0;
		};
/* End PBXSourcesBuildPhase section */

/* Begin PBXTargetDependency section */
		DDF6A4F52AFC9BEB008F6836 /* PBXTargetDependency */ = {
			isa = PBXTargetDependency;
			target = DDF6A4DC2AFC9BE8008F6836 /* Neobis_iOS_UIScreens */;
			targetProxy = DDF6A4F42AFC9BEB008F6836 /* PBXContainerItemProxy */;
		};
		DDF6A4FF2AFC9BEB008F6836 /* PBXTargetDependency */ = {
			isa = PBXTargetDependency;
			target = DDF6A4DC2AFC9BE8008F6836 /* Neobis_iOS_UIScreens */;
			targetProxy = DDF6A4FE2AFC9BEB008F6836 /* PBXContainerItemProxy */;
		};
/* End PBXTargetDependency section */

/* Begin PBXVariantGroup section */
		DDF6A4EB2AFC9BEA008F6836 /* LaunchScreen.storyboard */ = {
			isa = PBXVariantGroup;
			children = (
				DDF6A4EC2AFC9BEA008F6836 /* Base */,
			);
			name = LaunchScreen.storyboard;
			sourceTree = "<group>";
		};
/* End PBXVariantGroup section */

/* Begin XCBuildConfiguration section */
		DDF6A5052AFC9BEB008F6836 /* Debug */ = {
			isa = XCBuildConfiguration;
			buildSettings = {
				ALWAYS_SEARCH_USER_PATHS = NO;
				ASSETCATALOG_COMPILER_GENERATE_SWIFT_ASSET_SYMBOL_EXTENSIONS = YES;
				CLANG_ANALYZER_NONNULL = YES;
				CLANG_ANALYZER_NUMBER_OBJECT_CONVERSION = YES_AGGRESSIVE;
				CLANG_CXX_LANGUAGE_STANDARD = "gnu++20";
				CLANG_ENABLE_MODULES = YES;
				CLANG_ENABLE_OBJC_ARC = YES;
				CLANG_ENABLE_OBJC_WEAK = YES;
				CLANG_WARN_BLOCK_CAPTURE_AUTORELEASING = YES;
				CLANG_WARN_BOOL_CONVERSION = YES;
				CLANG_WARN_COMMA = YES;
				CLANG_WARN_CONSTANT_CONVERSION = YES;
				CLANG_WARN_DEPRECATED_OBJC_IMPLEMENTATIONS = YES;
				CLANG_WARN_DIRECT_OBJC_ISA_USAGE = YES_ERROR;
				CLANG_WARN_DOCUMENTATION_COMMENTS = YES;
				CLANG_WARN_EMPTY_BODY = YES;
				CLANG_WARN_ENUM_CONVERSION = YES;
				CLANG_WARN_INFINITE_RECURSION = YES;
				CLANG_WARN_INT_CONVERSION = YES;
				CLANG_WARN_NON_LITERAL_NULL_CONVERSION = YES;
				CLANG_WARN_OBJC_IMPLICIT_RETAIN_SELF = YES;
				CLANG_WARN_OBJC_LITERAL_CONVERSION = YES;
				CLANG_WARN_OBJC_ROOT_CLASS = YES_ERROR;
				CLANG_WARN_QUOTED_INCLUDE_IN_FRAMEWORK_HEADER = YES;
				CLANG_WARN_RANGE_LOOP_ANALYSIS = YES;
				CLANG_WARN_STRICT_PROTOTYPES = YES;
				CLANG_WARN_SUSPICIOUS_MOVE = YES;
				CLANG_WARN_UNGUARDED_AVAILABILITY = YES_AGGRESSIVE;
				CLANG_WARN_UNREACHABLE_CODE = YES;
				CLANG_WARN__DUPLICATE_METHOD_MATCH = YES;
				COPY_PHASE_STRIP = NO;
				DEBUG_INFORMATION_FORMAT = dwarf;
				ENABLE_STRICT_OBJC_MSGSEND = YES;
				ENABLE_TESTABILITY = YES;
				ENABLE_USER_SCRIPT_SANDBOXING = YES;
				GCC_C_LANGUAGE_STANDARD = gnu17;
				GCC_DYNAMIC_NO_PIC = NO;
				GCC_NO_COMMON_BLOCKS = YES;
				GCC_OPTIMIZATION_LEVEL = 0;
				GCC_PREPROCESSOR_DEFINITIONS = (
					"DEBUG=1",
					"$(inherited)",
				);
				GCC_WARN_64_TO_32_BIT_CONVERSION = YES;
				GCC_WARN_ABOUT_RETURN_TYPE = YES_ERROR;
				GCC_WARN_UNDECLARED_SELECTOR = YES;
				GCC_WARN_UNINITIALIZED_AUTOS = YES_AGGRESSIVE;
				GCC_WARN_UNUSED_FUNCTION = YES;
				GCC_WARN_UNUSED_VARIABLE = YES;
				IPHONEOS_DEPLOYMENT_TARGET = 17.0;
				LOCALIZATION_PREFERS_STRING_CATALOGS = YES;
				MTL_ENABLE_DEBUG_INFO = INCLUDE_SOURCE;
				MTL_FAST_MATH = YES;
				ONLY_ACTIVE_ARCH = YES;
				SDKROOT = iphoneos;
				SWIFT_ACTIVE_COMPILATION_CONDITIONS = "DEBUG $(inherited)";
				SWIFT_OPTIMIZATION_LEVEL = "-Onone";
			};
			name = Debug;
		};
		DDF6A5062AFC9BEB008F6836 /* Release */ = {
			isa = XCBuildConfiguration;
			buildSettings = {
				ALWAYS_SEARCH_USER_PATHS = NO;
				ASSETCATALOG_COMPILER_GENERATE_SWIFT_ASSET_SYMBOL_EXTENSIONS = YES;
				CLANG_ANALYZER_NONNULL = YES;
				CLANG_ANALYZER_NUMBER_OBJECT_CONVERSION = YES_AGGRESSIVE;
				CLANG_CXX_LANGUAGE_STANDARD = "gnu++20";
				CLANG_ENABLE_MODULES = YES;
				CLANG_ENABLE_OBJC_ARC = YES;
				CLANG_ENABLE_OBJC_WEAK = YES;
				CLANG_WARN_BLOCK_CAPTURE_AUTORELEASING = YES;
				CLANG_WARN_BOOL_CONVERSION = YES;
				CLANG_WARN_COMMA = YES;
				CLANG_WARN_CONSTANT_CONVERSION = YES;
				CLANG_WARN_DEPRECATED_OBJC_IMPLEMENTATIONS = YES;
				CLANG_WARN_DIRECT_OBJC_ISA_USAGE = YES_ERROR;
				CLANG_WARN_DOCUMENTATION_COMMENTS = YES;
				CLANG_WARN_EMPTY_BODY = YES;
				CLANG_WARN_ENUM_CONVERSION = YES;
				CLANG_WARN_INFINITE_RECURSION = YES;
				CLANG_WARN_INT_CONVERSION = YES;
				CLANG_WARN_NON_LITERAL_NULL_CONVERSION = YES;
				CLANG_WARN_OBJC_IMPLICIT_RETAIN_SELF = YES;
				CLANG_WARN_OBJC_LITERAL_CONVERSION = YES;
				CLANG_WARN_OBJC_ROOT_CLASS = YES_ERROR;
				CLANG_WARN_QUOTED_INCLUDE_IN_FRAMEWORK_HEADER = YES;
				CLANG_WARN_RANGE_LOOP_ANALYSIS = YES;
				CLANG_WARN_STRICT_PROTOTYPES = YES;
				CLANG_WARN_SUSPICIOUS_MOVE = YES;
				CLANG_WARN_UNGUARDED_AVAILABILITY = YES_AGGRESSIVE;
				CLANG_WARN_UNREACHABLE_CODE = YES;
				CLANG_WARN__DUPLICATE_METHOD_MATCH = YES;
				COPY_PHASE_STRIP = NO;
				DEBUG_INFORMATION_FORMAT = "dwarf-with-dsym";
				ENABLE_NS_ASSERTIONS = NO;
				ENABLE_STRICT_OBJC_MSGSEND = YES;
				ENABLE_USER_SCRIPT_SANDBOXING = YES;
				GCC_C_LANGUAGE_STANDARD = gnu17;
				GCC_NO_COMMON_BLOCKS = YES;
				GCC_WARN_64_TO_32_BIT_CONVERSION = YES;
				GCC_WARN_ABOUT_RETURN_TYPE = YES_ERROR;
				GCC_WARN_UNDECLARED_SELECTOR = YES;
				GCC_WARN_UNINITIALIZED_AUTOS = YES_AGGRESSIVE;
				GCC_WARN_UNUSED_FUNCTION = YES;
				GCC_WARN_UNUSED_VARIABLE = YES;
				IPHONEOS_DEPLOYMENT_TARGET = 17.0;
				LOCALIZATION_PREFERS_STRING_CATALOGS = YES;
				MTL_ENABLE_DEBUG_INFO = NO;
				MTL_FAST_MATH = YES;
				SDKROOT = iphoneos;
				SWIFT_COMPILATION_MODE = wholemodule;
				VALIDATE_PRODUCT = YES;
			};
			name = Release;
		};
		DDF6A5082AFC9BEB008F6836 /* Debug */ = {
			isa = XCBuildConfiguration;
			buildSettings = {
				ASSETCATALOG_COMPILER_APPICON_NAME = AppIcon;
				ASSETCATALOG_COMPILER_GLOBAL_ACCENT_COLOR_NAME = AccentColor;
				CODE_SIGN_STYLE = Automatic;
				CURRENT_PROJECT_VERSION = 1;
				DEVELOPMENT_TEAM = H7BR8NTQAT;
				GENERATE_INFOPLIST_FILE = YES;
				INFOPLIST_FILE = Neobis_iOS_UIScreens/Info.plist;
				INFOPLIST_KEY_UIApplicationSupportsIndirectInputEvents = YES;
				INFOPLIST_KEY_UILaunchStoryboardName = LaunchScreen;
				INFOPLIST_KEY_UISupportedInterfaceOrientations_iPad = "UIInterfaceOrientationPortrait UIInterfaceOrientationPortraitUpsideDown UIInterfaceOrientationLandscapeLeft UIInterfaceOrientationLandscapeRight";
				INFOPLIST_KEY_UISupportedInterfaceOrientations_iPhone = "UIInterfaceOrientationPortrait UIInterfaceOrientationLandscapeLeft UIInterfaceOrientationLandscapeRight";
				LD_RUNPATH_SEARCH_PATHS = (
					"$(inherited)",
					"@executable_path/Frameworks",
				);
				MARKETING_VERSION = 1.0;
				PRODUCT_BUNDLE_IDENTIFIER = "burte.Neobis-iOS-UIScreens";
				PRODUCT_NAME = "$(TARGET_NAME)";
				SWIFT_EMIT_LOC_STRINGS = YES;
				SWIFT_VERSION = 5.0;
				TARGETED_DEVICE_FAMILY = "1,2";
			};
			name = Debug;
		};
		DDF6A5092AFC9BEB008F6836 /* Release */ = {
			isa = XCBuildConfiguration;
			buildSettings = {
				ASSETCATALOG_COMPILER_APPICON_NAME = AppIcon;
				ASSETCATALOG_COMPILER_GLOBAL_ACCENT_COLOR_NAME = AccentColor;
				CODE_SIGN_STYLE = Automatic;
				CURRENT_PROJECT_VERSION = 1;
				DEVELOPMENT_TEAM = H7BR8NTQAT;
				GENERATE_INFOPLIST_FILE = YES;
				INFOPLIST_FILE = Neobis_iOS_UIScreens/Info.plist;
				INFOPLIST_KEY_UIApplicationSupportsIndirectInputEvents = YES;
				INFOPLIST_KEY_UILaunchStoryboardName = LaunchScreen;
				INFOPLIST_KEY_UISupportedInterfaceOrientations_iPad = "UIInterfaceOrientationPortrait UIInterfaceOrientationPortraitUpsideDown UIInterfaceOrientationLandscapeLeft UIInterfaceOrientationLandscapeRight";
				INFOPLIST_KEY_UISupportedInterfaceOrientations_iPhone = "UIInterfaceOrientationPortrait UIInterfaceOrientationLandscapeLeft UIInterfaceOrientationLandscapeRight";
				LD_RUNPATH_SEARCH_PATHS = (
					"$(inherited)",
					"@executable_path/Frameworks",
				);
				MARKETING_VERSION = 1.0;
				PRODUCT_BUNDLE_IDENTIFIER = "burte.Neobis-iOS-UIScreens";
				PRODUCT_NAME = "$(TARGET_NAME)";
				SWIFT_EMIT_LOC_STRINGS = YES;
				SWIFT_VERSION = 5.0;
				TARGETED_DEVICE_FAMILY = "1,2";
			};
			name = Release;
		};
		DDF6A50B2AFC9BEB008F6836 /* Debug */ = {
			isa = XCBuildConfiguration;
			buildSettings = {
				ALWAYS_EMBED_SWIFT_STANDARD_LIBRARIES = YES;
				BUNDLE_LOADER = "$(TEST_HOST)";
				CODE_SIGN_STYLE = Automatic;
				CURRENT_PROJECT_VERSION = 1;
				DEVELOPMENT_TEAM = H7BR8NTQAT;
				GENERATE_INFOPLIST_FILE = YES;
				IPHONEOS_DEPLOYMENT_TARGET = 17.0;
				MARKETING_VERSION = 1.0;
				PRODUCT_BUNDLE_IDENTIFIER = "burte.Neobis-iOS-UIScreensTests";
				PRODUCT_NAME = "$(TARGET_NAME)";
				SWIFT_EMIT_LOC_STRINGS = NO;
				SWIFT_VERSION = 5.0;
				TARGETED_DEVICE_FAMILY = "1,2";
				TEST_HOST = "$(BUILT_PRODUCTS_DIR)/Neobis_iOS_UIScreens.app/$(BUNDLE_EXECUTABLE_FOLDER_PATH)/Neobis_iOS_UIScreens";
			};
			name = Debug;
		};
		DDF6A50C2AFC9BEB008F6836 /* Release */ = {
			isa = XCBuildConfiguration;
			buildSettings = {
				ALWAYS_EMBED_SWIFT_STANDARD_LIBRARIES = YES;
				BUNDLE_LOADER = "$(TEST_HOST)";
				CODE_SIGN_STYLE = Automatic;
				CURRENT_PROJECT_VERSION = 1;
				DEVELOPMENT_TEAM = H7BR8NTQAT;
				GENERATE_INFOPLIST_FILE = YES;
				IPHONEOS_DEPLOYMENT_TARGET = 17.0;
				MARKETING_VERSION = 1.0;
				PRODUCT_BUNDLE_IDENTIFIER = "burte.Neobis-iOS-UIScreensTests";
				PRODUCT_NAME = "$(TARGET_NAME)";
				SWIFT_EMIT_LOC_STRINGS = NO;
				SWIFT_VERSION = 5.0;
				TARGETED_DEVICE_FAMILY = "1,2";
				TEST_HOST = "$(BUILT_PRODUCTS_DIR)/Neobis_iOS_UIScreens.app/$(BUNDLE_EXECUTABLE_FOLDER_PATH)/Neobis_iOS_UIScreens";
			};
			name = Release;
		};
		DDF6A50E2AFC9BEB008F6836 /* Debug */ = {
			isa = XCBuildConfiguration;
			buildSettings = {
				ALWAYS_EMBED_SWIFT_STANDARD_LIBRARIES = YES;
				CODE_SIGN_STYLE = Automatic;
				CURRENT_PROJECT_VERSION = 1;
				DEVELOPMENT_TEAM = H7BR8NTQAT;
				GENERATE_INFOPLIST_FILE = YES;
				MARKETING_VERSION = 1.0;
				PRODUCT_BUNDLE_IDENTIFIER = "burte.Neobis-iOS-UIScreensUITests";
				PRODUCT_NAME = "$(TARGET_NAME)";
				SWIFT_EMIT_LOC_STRINGS = NO;
				SWIFT_VERSION = 5.0;
				TARGETED_DEVICE_FAMILY = "1,2";
				TEST_TARGET_NAME = Neobis_iOS_UIScreens;
			};
			name = Debug;
		};
		DDF6A50F2AFC9BEB008F6836 /* Release */ = {
			isa = XCBuildConfiguration;
			buildSettings = {
				ALWAYS_EMBED_SWIFT_STANDARD_LIBRARIES = YES;
				CODE_SIGN_STYLE = Automatic;
				CURRENT_PROJECT_VERSION = 1;
				DEVELOPMENT_TEAM = H7BR8NTQAT;
				GENERATE_INFOPLIST_FILE = YES;
				MARKETING_VERSION = 1.0;
				PRODUCT_BUNDLE_IDENTIFIER = "burte.Neobis-iOS-UIScreensUITests";
				PRODUCT_NAME = "$(TARGET_NAME)";
				SWIFT_EMIT_LOC_STRINGS = NO;
				SWIFT_VERSION = 5.0;
				TARGETED_DEVICE_FAMILY = "1,2";
				TEST_TARGET_NAME = Neobis_iOS_UIScreens;
			};
			name = Release;
		};
/* End XCBuildConfiguration section */

/* Begin XCConfigurationList section */
		DDF6A4D82AFC9BE8008F6836 /* Build configuration list for PBXProject "Neobis_iOS_UIScreens" */ = {
			isa = XCConfigurationList;
			buildConfigurations = (
				DDF6A5052AFC9BEB008F6836 /* Debug */,
				DDF6A5062AFC9BEB008F6836 /* Release */,
			);
			defaultConfigurationIsVisible = 0;
			defaultConfigurationName = Release;
		};
		DDF6A5072AFC9BEB008F6836 /* Build configuration list for PBXNativeTarget "Neobis_iOS_UIScreens" */ = {
			isa = XCConfigurationList;
			buildConfigurations = (
				DDF6A5082AFC9BEB008F6836 /* Debug */,
				DDF6A5092AFC9BEB008F6836 /* Release */,
			);
			defaultConfigurationIsVisible = 0;
			defaultConfigurationName = Release;
		};
		DDF6A50A2AFC9BEB008F6836 /* Build configuration list for PBXNativeTarget "Neobis_iOS_UIScreensTests" */ = {
			isa = XCConfigurationList;
			buildConfigurations = (
				DDF6A50B2AFC9BEB008F6836 /* Debug */,
				DDF6A50C2AFC9BEB008F6836 /* Release */,
			);
			defaultConfigurationIsVisible = 0;
			defaultConfigurationName = Release;
		};
		DDF6A50D2AFC9BEB008F6836 /* Build configuration list for PBXNativeTarget "Neobis_iOS_UIScreensUITests" */ = {
			isa = XCConfigurationList;
			buildConfigurations = (
				DDF6A50E2AFC9BEB008F6836 /* Debug */,
				DDF6A50F2AFC9BEB008F6836 /* Release */,
			);
			defaultConfigurationIsVisible = 0;
			defaultConfigurationName = Release;
		};
/* End XCConfigurationList section */
	};
	rootObject = DDF6A4D52AFC9BE8008F6836 /* Project object */;
}
